// !$*UTF8*$!
{
	archiveVersion = 1;
	classes = {
	};
	objectVersion = 46;
	objects = {

/* Begin PBXBuildFile section */
		29963C351DAE360200CAFF39 /* CorePlot.framework in Frameworks */ = {isa = PBXBuildFile; fileRef = 29963C341DAE360200CAFF39 /* CorePlot.framework */; };
		29963C381DAE3BF900CAFF39 /* CorePlot.framework in CopyFiles */ = {isa = PBXBuildFile; fileRef = 29963C341DAE360200CAFF39 /* CorePlot.framework */; settings = {ATTRIBUTES = (CodeSignOnCopy, RemoveHeadersOnCopy, ); }; };
		29F7D35B1DADF07D00E2D98D /* AppDelegate.swift in Sources */ = {isa = PBXBuildFile; fileRef = 29F7D35A1DADF07D00E2D98D /* AppDelegate.swift */; };
		29F7D35D1DADF07D00E2D98D /* ViewController.swift in Sources */ = {isa = PBXBuildFile; fileRef = 29F7D35C1DADF07D00E2D98D /* ViewController.swift */; };
		29F7D35F1DADF07D00E2D98D /* Assets.xcassets in Resources */ = {isa = PBXBuildFile; fileRef = 29F7D35E1DADF07D00E2D98D /* Assets.xcassets */; };
		29F7D3621DADF07D00E2D98D /* Main.storyboard in Resources */ = {isa = PBXBuildFile; fileRef = 29F7D3601DADF07D00E2D98D /* Main.storyboard */; };
		29F7D36A1DADF09A00E2D98D /* Corpus.swift in Sources */ = {isa = PBXBuildFile; fileRef = 29F7D3691DADF09A00E2D98D /* Corpus.swift */; };
/* End PBXBuildFile section */

/* Begin PBXCopyFilesBuildPhase section */
		29963C371DAE3BF000CAFF39 /* CopyFiles */ = {
			isa = PBXCopyFilesBuildPhase;
			buildActionMask = 2147483647;
			dstPath = "";
			dstSubfolderSpec = 10;
			files = (
				29963C381DAE3BF900CAFF39 /* CorePlot.framework in CopyFiles */,
			);
			runOnlyForDeploymentPostprocessing = 0;
		};
/* End PBXCopyFilesBuildPhase section */

/* Begin PBXFileReference section */
		29963C341DAE360200CAFF39 /* CorePlot.framework */ = {isa = PBXFileReference; lastKnownFileType = wrapper.framework; path = CorePlot.framework; sourceTree = "<group>"; };
		29963C361DAE364C00CAFF39 /* Concord-Bridging-Header.h */ = {isa = PBXFileReference; lastKnownFileType = sourcecode.c.h; path = "Concord-Bridging-Header.h"; sourceTree = "<group>"; };
		29F7D3571DADF07C00E2D98D /* Concord.app */ = {isa = PBXFileReference; explicitFileType = wrapper.application; includeInIndex = 0; path = Concord.app; sourceTree = BUILT_PRODUCTS_DIR; };
		29F7D35A1DADF07D00E2D98D /* AppDelegate.swift */ = {isa = PBXFileReference; lastKnownFileType = sourcecode.swift; path = AppDelegate.swift; sourceTree = "<group>"; };
		29F7D35C1DADF07D00E2D98D /* ViewController.swift */ = {isa = PBXFileReference; lastKnownFileType = sourcecode.swift; path = ViewController.swift; sourceTree = "<group>"; };
		29F7D35E1DADF07D00E2D98D /* Assets.xcassets */ = {isa = PBXFileReference; lastKnownFileType = folder.assetcatalog; path = Assets.xcassets; sourceTree = "<group>"; };
		29F7D3611DADF07D00E2D98D /* Base */ = {isa = PBXFileReference; lastKnownFileType = file.storyboard; name = Base; path = Base.lproj/Main.storyboard; sourceTree = "<group>"; };
		29F7D3631DADF07D00E2D98D /* Info.plist */ = {isa = PBXFileReference; lastKnownFileType = text.plist.xml; path = Info.plist; sourceTree = "<group>"; };
		29F7D3691DADF09A00E2D98D /* Corpus.swift */ = {isa = PBXFileReference; fileEncoding = 4; lastKnownFileType = sourcecode.swift; path = Corpus.swift; sourceTree = "<group>"; };
/* End PBXFileReference section */

/* Begin PBXFrameworksBuildPhase section */
		29F7D3541DADF07C00E2D98D /* Frameworks */ = {
			isa = PBXFrameworksBuildPhase;
			buildActionMask = 2147483647;
			files = (
				29963C351DAE360200CAFF39 /* CorePlot.framework in Frameworks */,
			);
			runOnlyForDeploymentPostprocessing = 0;
		};
/* End PBXFrameworksBuildPhase section */

/* Begin PBXGroup section */
		29963C331DAE360200CAFF39 /* Frameworks */ = {
			isa = PBXGroup;
			children = (
				29963C341DAE360200CAFF39 /* CorePlot.framework */,
			);
			path = Frameworks;
			sourceTree = "<group>";
		};
		29F7D34E1DADF07C00E2D98D = {
			isa = PBXGroup;
			children = (
				29F7D3591DADF07C00E2D98D /* Concord */,
				29963C331DAE360200CAFF39 /* Frameworks */,
				29F7D3581DADF07C00E2D98D /* Products */,
			);
			sourceTree = "<group>";
		};
		29F7D3581DADF07C00E2D98D /* Products */ = {
			isa = PBXGroup;
			children = (
				29F7D3571DADF07C00E2D98D /* Concord.app */,
			);
			name = Products;
			sourceTree = "<group>";
		};
		29F7D3591DADF07C00E2D98D /* Concord */ = {
			isa = PBXGroup;
			children = (
				29963C361DAE364C00CAFF39 /* Concord-Bridging-Header.h */,
				29F7D35A1DADF07D00E2D98D /* AppDelegate.swift */,
				29F7D35C1DADF07D00E2D98D /* ViewController.swift */,
				29F7D3691DADF09A00E2D98D /* Corpus.swift */,
				29F7D35E1DADF07D00E2D98D /* Assets.xcassets */,
				29F7D3601DADF07D00E2D98D /* Main.storyboard */,
				29F7D3631DADF07D00E2D98D /* Info.plist */,
			);
			path = Concord;
			sourceTree = "<group>";
		};
/* End PBXGroup section */

/* Begin PBXNativeTarget section */
		29F7D3561DADF07C00E2D98D /* Concord */ = {
			isa = PBXNativeTarget;
			buildConfigurationList = 29F7D3661DADF07D00E2D98D /* Build configuration list for PBXNativeTarget "Concord" */;
			buildPhases = (
				29F7D3531DADF07C00E2D98D /* Sources */,
				29F7D3541DADF07C00E2D98D /* Frameworks */,
				29F7D3551DADF07C00E2D98D /* Resources */,
				29963C371DAE3BF000CAFF39 /* CopyFiles */,
			);
			buildRules = (
			);
			dependencies = (
			);
			name = Concord;
			productName = Concord;
			productReference = 29F7D3571DADF07C00E2D98D /* Concord.app */;
			productType = "com.apple.product-type.application";
		};
/* End PBXNativeTarget section */

/* Begin PBXProject section */
		29F7D34F1DADF07C00E2D98D /* Project object */ = {
			isa = PBXProject;
			attributes = {
				LastSwiftUpdateCheck = 0810;
				LastUpgradeCheck = 0810;
				ORGANIZATIONNAME = "Richard Wei";
				TargetAttributes = {
					29F7D3561DADF07C00E2D98D = {
						CreatedOnToolsVersion = 8.1;
						ProvisioningStyle = Automatic;
					};
				};
			};
			buildConfigurationList = 29F7D3521DADF07C00E2D98D /* Build configuration list for PBXProject "Concord" */;
			compatibilityVersion = "Xcode 3.2";
			developmentRegion = English;
			hasScannedForEncodings = 0;
			knownRegions = (
				en,
				Base,
			);
			mainGroup = 29F7D34E1DADF07C00E2D98D;
			productRefGroup = 29F7D3581DADF07C00E2D98D /* Products */;
			projectDirPath = "";
			projectRoot = "";
			targets = (
				29F7D3561DADF07C00E2D98D /* Concord */,
			);
		};
/* End PBXProject section */

/* Begin PBXResourcesBuildPhase section */
		29F7D3551DADF07C00E2D98D /* Resources */ = {
			isa = PBXResourcesBuildPhase;
			buildActionMask = 2147483647;
			files = (
				29F7D35F1DADF07D00E2D98D /* Assets.xcassets in Resources */,
				29F7D3621DADF07D00E2D98D /* Main.storyboard in Resources */,
			);
			runOnlyForDeploymentPostprocessing = 0;
		};
/* End PBXResourcesBuildPhase section */

/* Begin PBXSourcesBuildPhase section */
		29F7D3531DADF07C00E2D98D /* Sources */ = {
			isa = PBXSourcesBuildPhase;
			buildActionMask = 2147483647;
			files = (
				29F7D35D1DADF07D00E2D98D /* ViewController.swift in Sources */,
				29F7D36A1DADF09A00E2D98D /* Corpus.swift in Sources */,
				29F7D35B1DADF07D00E2D98D /* AppDelegate.swift in Sources */,
			);
			runOnlyForDeploymentPostprocessing = 0;
		};
/* End PBXSourcesBuildPhase section */

/* Begin PBXVariantGroup section */
		29F7D3601DADF07D00E2D98D /* Main.storyboard */ = {
			isa = PBXVariantGroup;
			children = (
				29F7D3611DADF07D00E2D98D /* Base */,
			);
			name = Main.storyboard;
			sourceTree = "<group>";
		};
/* End PBXVariantGroup section */

/* Begin XCBuildConfiguration section */
		29F7D3641DADF07D00E2D98D /* Debug */ = {
			isa = XCBuildConfiguration;
			buildSettings = {
				ALWAYS_SEARCH_USER_PATHS = NO;
				CLANG_ANALYZER_NONNULL = YES;
				CLANG_CXX_LANGUAGE_STANDARD = "gnu++0x";
				CLANG_CXX_LIBRARY = "libc++";
				CLANG_ENABLE_MODULES = YES;
				CLANG_ENABLE_OBJC_ARC = YES;
				CLANG_WARN_BOOL_CONVERSION = YES;
				CLANG_WARN_CONSTANT_CONVERSION = YES;
				CLANG_WARN_DIRECT_OBJC_ISA_USAGE = YES_ERROR;
				CLANG_WARN_DOCUMENTATION_COMMENTS = YES;
				CLANG_WARN_EMPTY_BODY = YES;
				CLANG_WARN_ENUM_CONVERSION = YES;
				CLANG_WARN_INFINITE_RECURSION = YES;
				CLANG_WARN_INT_CONVERSION = YES;
				CLANG_WARN_OBJC_ROOT_CLASS = YES_ERROR;
				CLANG_WARN_SUSPICIOUS_MOVES = YES;
				CLANG_WARN_UNREACHABLE_CODE = YES;
				CLANG_WARN__DUPLICATE_METHOD_MATCH = YES;
				CODE_SIGN_IDENTITY = "-";
				COPY_PHASE_STRIP = NO;
				DEBUG_INFORMATION_FORMAT = dwarf;
				ENABLE_STRICT_OBJC_MSGSEND = YES;
				ENABLE_TESTABILITY = YES;
				GCC_C_LANGUAGE_STANDARD = gnu99;
				GCC_DYNAMIC_NO_PIC = NO;
				GCC_NO_COMMON_BLOCKS = YES;
				GCC_OPTIMIZATION_LEVEL = 0;
				GCC_PREPROCESSOR_DEFINITIONS = (
					"DEBUG=1",
					"$(inherited)",
				);
				GCC_WARN_64_TO_32_BIT_CONVERSION = YES;
				GCC_WARN_ABOUT_RETURN_TYPE = YES_ERROR;
				GCC_WARN_UNDECLARED_SELECTOR = YES;
				GCC_WARN_UNINITIALIZED_AUTOS = YES_AGGRESSIVE;
				GCC_WARN_UNUSED_FUNCTION = YES;
				GCC_WARN_UNUSED_VARIABLE = YES;
				MACOSX_DEPLOYMENT_TARGET = 10.12;
				MTL_ENABLE_DEBUG_INFO = YES;
				ONLY_ACTIVE_ARCH = YES;
				SDKROOT = macosx;
				SWIFT_ACTIVE_COMPILATION_CONDITIONS = DEBUG;
				SWIFT_OPTIMIZATION_LEVEL = "-Onone";
			};
			name = Debug;
		};
		29F7D3651DADF07D00E2D98D /* Release */ = {
			isa = XCBuildConfiguration;
			buildSettings = {
				ALWAYS_SEARCH_USER_PATHS = NO;
				CLANG_ANALYZER_NONNULL = YES;
				CLANG_CXX_LANGUAGE_STANDARD = "gnu++0x";
				CLANG_CXX_LIBRARY = "libc++";
				CLANG_ENABLE_MODULES = YES;
				CLANG_ENABLE_OBJC_ARC = YES;
				CLANG_WARN_BOOL_CONVERSION = YES;
				CLANG_WARN_CONSTANT_CONVERSION = YES;
				CLANG_WARN_DIRECT_OBJC_ISA_USAGE = YES_ERROR;
				CLANG_WARN_DOCUMENTATION_COMMENTS = YES;
				CLANG_WARN_EMPTY_BODY = YES;
				CLANG_WARN_ENUM_CONVERSION = YES;
				CLANG_WARN_INFINITE_RECURSION = YES;
				CLANG_WARN_INT_CONVERSION = YES;
				CLANG_WARN_OBJC_ROOT_CLASS = YES_ERROR;
				CLANG_WARN_SUSPICIOUS_MOVES = YES;
				CLANG_WARN_UNREACHABLE_CODE = YES;
				CLANG_WARN__DUPLICATE_METHOD_MATCH = YES;
				CODE_SIGN_IDENTITY = "-";
				COPY_PHASE_STRIP = NO;
				DEBUG_INFORMATION_FORMAT = "dwarf-with-dsym";
				ENABLE_NS_ASSERTIONS = NO;
				ENABLE_STRICT_OBJC_MSGSEND = YES;
				GCC_C_LANGUAGE_STANDARD = gnu99;
				GCC_NO_COMMON_BLOCKS = YES;
				GCC_WARN_64_TO_32_BIT_CONVERSION = YES;
				GCC_WARN_ABOUT_RETURN_TYPE = YES_ERROR;
				GCC_WARN_UNDECLARED_SELECTOR = YES;
				GCC_WARN_UNINITIALIZED_AUTOS = YES_AGGRESSIVE;
				GCC_WARN_UNUSED_FUNCTION = YES;
				GCC_WARN_UNUSED_VARIABLE = YES;
				MACOSX_DEPLOYMENT_TARGET = 10.12;
				MTL_ENABLE_DEBUG_INFO = NO;
				SDKROOT = macosx;
				SWIFT_OPTIMIZATION_LEVEL = "-Owholemodule";
			};
			name = Release;
		};
		29F7D3671DADF07D00E2D98D /* Debug */ = {
			isa = XCBuildConfiguration;
			buildSettings = {
				ASSETCATALOG_COMPILER_APPICON_NAME = AppIcon;
				COMBINE_HIDPI_IMAGES = YES;
				FRAMEWORK_SEARCH_PATHS = (
					"$(inherited)",
					"$(PROJECT_DIR)/Frameworks",
				);
				INFOPLIST_FILE = Concord/Info.plist;
				LD_RUNPATH_SEARCH_PATHS = "$(inherited) @executable_path/../Frameworks";
				PRODUCT_BUNDLE_IDENTIFIER = com.rxwei.Concord;
				PRODUCT_NAME = "$(TARGET_NAME)";
				SWIFT_VERSION = 3.0;
			};
			name = Debug;
		};
		29F7D3681DADF07D00E2D98D /* Release */ = {
			isa = XCBuildConfiguration;
			buildSettings = {
				ASSETCATALOG_COMPILER_APPICON_NAME = AppIcon;
				COMBINE_HIDPI_IMAGES = YES;
				FRAMEWORK_SEARCH_PATHS = (
					"$(inherited)",
					"$(PROJECT_DIR)/Frameworks",
				);
				INFOPLIST_FILE = Concord/Info.plist;
				LD_RUNPATH_SEARCH_PATHS = "$(inherited) @executable_path/../Frameworks";
				PRODUCT_BUNDLE_IDENTIFIER = com.rxwei.Concord;
				PRODUCT_NAME = "$(TARGET_NAME)";
				SWIFT_VERSION = 3.0;
			};
			name = Release;
		};
/* End XCBuildConfiguration section */

/* Begin XCConfigurationList section */
		29F7D3521DADF07C00E2D98D /* Build configuration list for PBXProject "Concord" */ = {
			isa = XCConfigurationList;
			buildConfigurations = (
				29F7D3641DADF07D00E2D98D /* Debug */,
				29F7D3651DADF07D00E2D98D /* Release */,
			);
			defaultConfigurationIsVisible = 0;
			defaultConfigurationName = Release;
		};
		29F7D3661DADF07D00E2D98D /* Build configuration list for PBXNativeTarget "Concord" */ = {
			isa = XCConfigurationList;
			buildConfigurations = (
				29F7D3671DADF07D00E2D98D /* Debug */,
				29F7D3681DADF07D00E2D98D /* Release */,
			);
			defaultConfigurationIsVisible = 0;
			defaultConfigurationName = Release;
		};
/* End XCConfigurationList section */
	};
	rootObject = 29F7D34F1DADF07C00E2D98D /* Project object */;
}
